<Solution>
  <Project Path="Twitter.Test/Twitter.Test.csproj" Id="f81b9c4a-f082-40ef-b02d-b44b78a6235e" />
<<<<<<< HEAD
  <Project Path="TwitterClone.Api/TwitterClone.Api.csproj" Id="d052d796-3b16-46f8-919a-928cb2b72f5c" />
=======
>>>>>>> main
  <Project Path="TwitterClone.Domain/TwitterClone.Domain.csproj" />
</Solution>
